Microsoft Visual Studio Solution File, Format Version 12.00
# Visual Studio Version 17
VisualStudioVersion = 17.5.2.0
MinimumVisualStudioVersion = 10.0.40219.1
Project("{FAE04EC0-301F-11D3-BF4B-00C04F79EFBC}") = "LabResultMcpServer", "LabResultMcpServer\LabResultMcpServer.csproj", "{FF666B7F-0AC6-4E17-9E47-74E659A4D301}"
EndProject
Global
	GlobalSection(SolutionConfigurationPlatforms) = preSolution
		Debug|Any CPU = Debug|Any CPU
		Release|Any CPU = Release|Any CPU
	EndGlobalSection
	GlobalSection(ProjectConfigurationPlatforms) = postSolution
		{FF666B7F-0AC6-4E17-9E47-74E659A4D301}.Debug|Any CPU.ActiveCfg = Debug|Any CPU
		{FF666B7F-0AC6-4E17-9E47-74E659A4D301}.Debug|Any CPU.Build.0 = Debug|Any CPU
		{FF666B7F-0AC6-4E17-9E47-74E659A4D301}.Release|Any CPU.ActiveCfg = Release|Any CPU
		{FF666B7F-0AC6-4E17-9E47-74E659A4D301}.Release|Any CPU.Build.0 = Release|Any CPU
	EndGlobalSection
	GlobalSection(SolutionProperties) = preSolution
		HideSolutionNode = FALSE
	EndGlobalSection
	GlobalSection(ExtensibilityGlobals) = postSolution
		SolutionGuid = {C6DB2BD4-EB2B-44CA-BEA4-95829F7C5666}
	EndGlobalSection
EndGlobal
